// !$*UTF8*$!
{
	archiveVersion = 1;
	classes = {
	};
	objectVersion = 50;
	objects = {

/* Begin PBXBuildFile section */
		B033910F256E008500DE1B87 /* QuicktranslateApp.swift in Sources */ = {isa = PBXBuildFile; fileRef = B033910E256E008500DE1B87 /* QuicktranslateApp.swift */; };
		B0339113256E008600DE1B87 /* Assets.xcassets in Resources */ = {isa = PBXBuildFile; fileRef = B0339112256E008600DE1B87 /* Assets.xcassets */; };
		B0339116256E008600DE1B87 /* Preview Assets.xcassets in Resources */ = {isa = PBXBuildFile; fileRef = B0339115256E008600DE1B87 /* Preview Assets.xcassets */; };
		B04FFC29256E43C100EF51A8 /* QStatusBarItem.swift in Sources */ = {isa = PBXBuildFile; fileRef = B04FFC28256E43C100EF51A8 /* QStatusBarItem.swift */; };
		B04FFC2C256E43F300EF51A8 /* WebView.swift in Sources */ = {isa = PBXBuildFile; fileRef = B04FFC2B256E43F300EF51A8 /* WebView.swift */; };
		B04FFC30256E441600EF51A8 /* MenuView.swift in Sources */ = {isa = PBXBuildFile; fileRef = B04FFC2F256E441600EF51A8 /* MenuView.swift */; };
		B06F97BB256E4CEE007C1CB3 /* ContentView.swift in Sources */ = {isa = PBXBuildFile; fileRef = B06F97BA256E4CEE007C1CB3 /* ContentView.swift */; };
/* End PBXBuildFile section */

/* Begin PBXFileReference section */
		B033910B256E008500DE1B87 /* Quicktranslate.app */ = {isa = PBXFileReference; explicitFileType = wrapper.application; includeInIndex = 0; path = Quicktranslate.app; sourceTree = BUILT_PRODUCTS_DIR; };
		B033910E256E008500DE1B87 /* QuicktranslateApp.swift */ = {isa = PBXFileReference; lastKnownFileType = sourcecode.swift; path = QuicktranslateApp.swift; sourceTree = "<group>"; };
		B0339112256E008600DE1B87 /* Assets.xcassets */ = {isa = PBXFileReference; lastKnownFileType = folder.assetcatalog; path = Assets.xcassets; sourceTree = "<group>"; };
		B0339115256E008600DE1B87 /* Preview Assets.xcassets */ = {isa = PBXFileReference; lastKnownFileType = folder.assetcatalog; path = "Preview Assets.xcassets"; sourceTree = "<group>"; };
		B0339117256E008600DE1B87 /* Info.plist */ = {isa = PBXFileReference; lastKnownFileType = text.plist.xml; path = Info.plist; sourceTree = "<group>"; };
		B0339118256E008600DE1B87 /* Quicktranslate.entitlements */ = {isa = PBXFileReference; lastKnownFileType = text.plist.entitlements; path = Quicktranslate.entitlements; sourceTree = "<group>"; };
		B04FFC28256E43C100EF51A8 /* QStatusBarItem.swift */ = {isa = PBXFileReference; lastKnownFileType = sourcecode.swift; path = QStatusBarItem.swift; sourceTree = "<group>"; };
		B04FFC2B256E43F300EF51A8 /* WebView.swift */ = {isa = PBXFileReference; lastKnownFileType = sourcecode.swift; path = WebView.swift; sourceTree = "<group>"; };
		B04FFC2F256E441600EF51A8 /* MenuView.swift */ = {isa = PBXFileReference; lastKnownFileType = sourcecode.swift; path = MenuView.swift; sourceTree = "<group>"; };
		B06F97BA256E4CEE007C1CB3 /* ContentView.swift */ = {isa = PBXFileReference; lastKnownFileType = sourcecode.swift; path = ContentView.swift; sourceTree = "<group>"; };
/* End PBXFileReference section */

/* Begin PBXFrameworksBuildPhase section */
		B0339108256E008500DE1B87 /* Frameworks */ = {
			isa = PBXFrameworksBuildPhase;
			buildActionMask = 2147483647;
			files = (
			);
			runOnlyForDeploymentPostprocessing = 0;
		};
/* End PBXFrameworksBuildPhase section */

/* Begin PBXGroup section */
		B0339102256E008500DE1B87 = {
			isa = PBXGroup;
			children = (
				B033910D256E008500DE1B87 /* Quicktranslate */,
				B033910C256E008500DE1B87 /* Products */,
			);
			sourceTree = "<group>";
		};
		B033910C256E008500DE1B87 /* Products */ = {
			isa = PBXGroup;
			children = (
				B033910B256E008500DE1B87 /* Quicktranslate.app */,
			);
			name = Products;
			sourceTree = "<group>";
		};
		B033910D256E008500DE1B87 /* Quicktranslate */ = {
			isa = PBXGroup;
			children = (
				B033910E256E008500DE1B87 /* QuicktranslateApp.swift */,
				B06F97BA256E4CEE007C1CB3 /* ContentView.swift */,
				B04FFC28256E43C100EF51A8 /* QStatusBarItem.swift */,
				B04FFC2B256E43F300EF51A8 /* WebView.swift */,
				B04FFC2F256E441600EF51A8 /* MenuView.swift */,
				B0339112256E008600DE1B87 /* Assets.xcassets */,
				B0339117256E008600DE1B87 /* Info.plist */,
				B0339118256E008600DE1B87 /* Quicktranslate.entitlements */,
				B0339114256E008600DE1B87 /* Preview Content */,
			);
			path = Quicktranslate;
			sourceTree = "<group>";
		};
		B0339114256E008600DE1B87 /* Preview Content */ = {
			isa = PBXGroup;
			children = (
				B0339115256E008600DE1B87 /* Preview Assets.xcassets */,
			);
			path = "Preview Content";
			sourceTree = "<group>";
		};
/* End PBXGroup section */

/* Begin PBXNativeTarget section */
		B033910A256E008500DE1B87 /* Quicktranslate */ = {
			isa = PBXNativeTarget;
			buildConfigurationList = B033911B256E008600DE1B87 /* Build configuration list for PBXNativeTarget "Quicktranslate" */;
			buildPhases = (
				B0339107256E008500DE1B87 /* Sources */,
				B0339108256E008500DE1B87 /* Frameworks */,
				B0339109256E008500DE1B87 /* Resources */,
			);
			buildRules = (
			);
			dependencies = (
			);
			name = Quicktranslate;
			productName = Quicktranslate;
			productReference = B033910B256E008500DE1B87 /* Quicktranslate.app */;
			productType = "com.apple.product-type.application";
		};
/* End PBXNativeTarget section */

/* Begin PBXProject section */
		B0339103256E008500DE1B87 /* Project object */ = {
			isa = PBXProject;
			attributes = {
				LastSwiftUpdateCheck = 1220;
				LastUpgradeCheck = 1220;
				TargetAttributes = {
					B033910A256E008500DE1B87 = {
						CreatedOnToolsVersion = 12.2;
					};
				};
			};
			buildConfigurationList = B0339106256E008500DE1B87 /* Build configuration list for PBXProject "Quicktranslate" */;
			compatibilityVersion = "Xcode 9.3";
			developmentRegion = en;
			hasScannedForEncodings = 0;
			knownRegions = (
				en,
				Base,
			);
			mainGroup = B0339102256E008500DE1B87;
			productRefGroup = B033910C256E008500DE1B87 /* Products */;
			projectDirPath = "";
			projectRoot = "";
			targets = (
				B033910A256E008500DE1B87 /* Quicktranslate */,
			);
		};
/* End PBXProject section */

/* Begin PBXResourcesBuildPhase section */
		B0339109256E008500DE1B87 /* Resources */ = {
			isa = PBXResourcesBuildPhase;
			buildActionMask = 2147483647;
			files = (
				B0339116256E008600DE1B87 /* Preview Assets.xcassets in Resources */,
				B0339113256E008600DE1B87 /* Assets.xcassets in Resources */,
			);
			runOnlyForDeploymentPostprocessing = 0;
		};
/* End PBXResourcesBuildPhase section */

/* Begin PBXSourcesBuildPhase section */
		B0339107256E008500DE1B87 /* Sources */ = {
			isa = PBXSourcesBuildPhase;
			buildActionMask = 2147483647;
			files = (
				B04FFC2C256E43F300EF51A8 /* WebView.swift in Sources */,
				B06F97BB256E4CEE007C1CB3 /* ContentView.swift in Sources */,
				B04FFC30256E441600EF51A8 /* MenuView.swift in Sources */,
				B033910F256E008500DE1B87 /* QuicktranslateApp.swift in Sources */,
				B04FFC29256E43C100EF51A8 /* QStatusBarItem.swift in Sources */,
			);
			runOnlyForDeploymentPostprocessing = 0;
		};
/* End PBXSourcesBuildPhase section */

/* Begin XCBuildConfiguration section */
		B0339119256E008600DE1B87 /* Debug */ = {
			isa = XCBuildConfiguration;
			buildSettings = {
				ALWAYS_SEARCH_USER_PATHS = NO;
				CLANG_ANALYZER_NONNULL = YES;
				CLANG_ANALYZER_NUMBER_OBJECT_CONVERSION = YES_AGGRESSIVE;
				CLANG_CXX_LANGUAGE_STANDARD = "gnu++14";
				CLANG_CXX_LIBRARY = "libc++";
				CLANG_ENABLE_MODULES = YES;
				CLANG_ENABLE_OBJC_ARC = YES;
				CLANG_ENABLE_OBJC_WEAK = YES;
				CLANG_WARN_BLOCK_CAPTURE_AUTORELEASING = YES;
				CLANG_WARN_BOOL_CONVERSION = YES;
				CLANG_WARN_COMMA = YES;
				CLANG_WARN_CONSTANT_CONVERSION = YES;
				CLANG_WARN_DEPRECATED_OBJC_IMPLEMENTATIONS = YES;
				CLANG_WARN_DIRECT_OBJC_ISA_USAGE = YES_ERROR;
				CLANG_WARN_DOCUMENTATION_COMMENTS = YES;
				CLANG_WARN_EMPTY_BODY = YES;
				CLANG_WARN_ENUM_CONVERSION = YES;
				CLANG_WARN_INFINITE_RECURSION = YES;
				CLANG_WARN_INT_CONVERSION = YES;
				CLANG_WARN_NON_LITERAL_NULL_CONVERSION = YES;
				CLANG_WARN_OBJC_IMPLICIT_RETAIN_SELF = YES;
				CLANG_WARN_OBJC_LITERAL_CONVERSION = YES;
				CLANG_WARN_OBJC_ROOT_CLASS = YES_ERROR;
				CLANG_WARN_QUOTED_INCLUDE_IN_FRAMEWORK_HEADER = YES;
				CLANG_WARN_RANGE_LOOP_ANALYSIS = YES;
				CLANG_WARN_STRICT_PROTOTYPES = YES;
				CLANG_WARN_SUSPICIOUS_MOVE = YES;
				CLANG_WARN_UNGUARDED_AVAILABILITY = YES_AGGRESSIVE;
				CLANG_WARN_UNREACHABLE_CODE = YES;
				CLANG_WARN__DUPLICATE_METHOD_MATCH = YES;
				COPY_PHASE_STRIP = NO;
				DEBUG_INFORMATION_FORMAT = dwarf;
				ENABLE_STRICT_OBJC_MSGSEND = YES;
				ENABLE_TESTABILITY = YES;
				GCC_C_LANGUAGE_STANDARD = gnu11;
				GCC_DYNAMIC_NO_PIC = NO;
				GCC_NO_COMMON_BLOCKS = YES;
				GCC_OPTIMIZATION_LEVEL = 0;
				GCC_PREPROCESSOR_DEFINITIONS = (
					"DEBUG=1",
					"$(inherited)",
				);
				GCC_WARN_64_TO_32_BIT_CONVERSION = YES;
				GCC_WARN_ABOUT_RETURN_TYPE = YES_ERROR;
				GCC_WARN_UNDECLARED_SELECTOR = YES;
				GCC_WARN_UNINITIALIZED_AUTOS = YES_AGGRESSIVE;
				GCC_WARN_UNUSED_FUNCTION = YES;
				GCC_WARN_UNUSED_VARIABLE = YES;
				MACOSX_DEPLOYMENT_TARGET = 11.0;
				MTL_ENABLE_DEBUG_INFO = INCLUDE_SOURCE;
				MTL_FAST_MATH = YES;
				ONLY_ACTIVE_ARCH = YES;
				SDKROOT = macosx;
				SWIFT_ACTIVE_COMPILATION_CONDITIONS = DEBUG;
				SWIFT_OPTIMIZATION_LEVEL = "-Onone";
			};
			name = Debug;
		};
		B033911A256E008600DE1B87 /* Release */ = {
			isa = XCBuildConfiguration;
			buildSettings = {
				ALWAYS_SEARCH_USER_PATHS = NO;
				CLANG_ANALYZER_NONNULL = YES;
				CLANG_ANALYZER_NUMBER_OBJECT_CONVERSION = YES_AGGRESSIVE;
				CLANG_CXX_LANGUAGE_STANDARD = "gnu++14";
				CLANG_CXX_LIBRARY = "libc++";
				CLANG_ENABLE_MODULES = YES;
				CLANG_ENABLE_OBJC_ARC = YES;
				CLANG_ENABLE_OBJC_WEAK = YES;
				CLANG_WARN_BLOCK_CAPTURE_AUTORELEASING = YES;
				CLANG_WARN_BOOL_CONVERSION = YES;
				CLANG_WARN_COMMA = YES;
				CLANG_WARN_CONSTANT_CONVERSION = YES;
				CLANG_WARN_DEPRECATED_OBJC_IMPLEMENTATIONS = YES;
				CLANG_WARN_DIRECT_OBJC_ISA_USAGE = YES_ERROR;
				CLANG_WARN_DOCUMENTATION_COMMENTS = YES;
				CLANG_WARN_EMPTY_BODY = YES;
				CLANG_WARN_ENUM_CONVERSION = YES;
				CLANG_WARN_INFINITE_RECURSION = YES;
				CLANG_WARN_INT_CONVERSION = YES;
				CLANG_WARN_NON_LITERAL_NULL_CONVERSION = YES;
				CLANG_WARN_OBJC_IMPLICIT_RETAIN_SELF = YES;
				CLANG_WARN_OBJC_LITERAL_CONVERSION = YES;
				CLANG_WARN_OBJC_ROOT_CLASS = YES_ERROR;
				CLANG_WARN_QUOTED_INCLUDE_IN_FRAMEWORK_HEADER = YES;
				CLANG_WARN_RANGE_LOOP_ANALYSIS = YES;
				CLANG_WARN_STRICT_PROTOTYPES = YES;
				CLANG_WARN_SUSPICIOUS_MOVE = YES;
				CLANG_WARN_UNGUARDED_AVAILABILITY = YES_AGGRESSIVE;
				CLANG_WARN_UNREACHABLE_CODE = YES;
				CLANG_WARN__DUPLICATE_METHOD_MATCH = YES;
				COPY_PHASE_STRIP = NO;
				DEBUG_INFORMATION_FORMAT = "dwarf-with-dsym";
				ENABLE_NS_ASSERTIONS = NO;
				ENABLE_STRICT_OBJC_MSGSEND = YES;
				GCC_C_LANGUAGE_STANDARD = gnu11;
				GCC_NO_COMMON_BLOCKS = YES;
				GCC_WARN_64_TO_32_BIT_CONVERSION = YES;
				GCC_WARN_ABOUT_RETURN_TYPE = YES_ERROR;
				GCC_WARN_UNDECLARED_SELECTOR = YES;
				GCC_WARN_UNINITIALIZED_AUTOS = YES_AGGRESSIVE;
				GCC_WARN_UNUSED_FUNCTION = YES;
				GCC_WARN_UNUSED_VARIABLE = YES;
				MACOSX_DEPLOYMENT_TARGET = 11.0;
				MTL_ENABLE_DEBUG_INFO = NO;
				MTL_FAST_MATH = YES;
				SDKROOT = macosx;
				SWIFT_COMPILATION_MODE = wholemodule;
				SWIFT_OPTIMIZATION_LEVEL = "-O";
			};
			name = Release;
		};
		B033911C256E008600DE1B87 /* Debug */ = {
			isa = XCBuildConfiguration;
			buildSettings = {
				ASSETCATALOG_COMPILER_APPICON_NAME = AppIcon;
				ASSETCATALOG_COMPILER_GLOBAL_ACCENT_COLOR_NAME = AccentColor;
				CODE_SIGN_ENTITLEMENTS = Quicktranslate/Quicktranslate.entitlements;
				CODE_SIGN_IDENTITY = "Apple Development";
				CODE_SIGN_STYLE = Manual;
				COMBINE_HIDPI_IMAGES = YES;
				DEVELOPMENT_ASSET_PATHS = "\"Quicktranslate/Preview Content\"";
				DEVELOPMENT_TEAM = "";
				ENABLE_HARDENED_RUNTIME = YES;
				ENABLE_PREVIEWS = YES;
				INFOPLIST_FILE = Quicktranslate/Info.plist;
				LD_RUNPATH_SEARCH_PATHS = (
					"$(inherited)",
					"@executable_path/../Frameworks",
				);
				MACOSX_DEPLOYMENT_TARGET = 11.0;
				PRODUCT_BUNDLE_IDENTIFIER = app.l3141591.Quicktranslate;
				PRODUCT_NAME = "$(TARGET_NAME)";
				PROVISIONING_PROFILE_SPECIFIER = "";
				SWIFT_VERSION = 5.0;
			};
			name = Debug;
		};
		B033911D256E008600DE1B87 /* Release */ = {
			isa = XCBuildConfiguration;
			buildSettings = {
				ASSETCATALOG_COMPILER_APPICON_NAME = AppIcon;
				ASSETCATALOG_COMPILER_GLOBAL_ACCENT_COLOR_NAME = AccentColor;
				CODE_SIGN_ENTITLEMENTS = Quicktranslate/Quicktranslate.entitlements;
				CODE_SIGN_IDENTITY = "Apple Development";
				CODE_SIGN_STYLE = Manual;
				COMBINE_HIDPI_IMAGES = YES;
				DEVELOPMENT_ASSET_PATHS = "\"Quicktranslate/Preview Content\"";
				DEVELOPMENT_TEAM = "";
				ENABLE_HARDENED_RUNTIME = YES;
				ENABLE_PREVIEWS = YES;
				INFOPLIST_FILE = Quicktranslate/Info.plist;
				LD_RUNPATH_SEARCH_PATHS = (
					"$(inherited)",
					"@executable_path/../Frameworks",
				);
				MACOSX_DEPLOYMENT_TARGET = 11.0;
				PRODUCT_BUNDLE_IDENTIFIER = app.l3141591.Quicktranslate;
				PRODUCT_NAME = "$(TARGET_NAME)";
				PROVISIONING_PROFILE_SPECIFIER = "";
				SWIFT_VERSION = 5.0;
			};
			name = Release;
		};
/* End XCBuildConfiguration section */

/* Begin XCConfigurationList section */
		B0339106256E008500DE1B87 /* Build configuration list for PBXProject "Quicktranslate" */ = {
			isa = XCConfigurationList;
			buildConfigurations = (
				B0339119256E008600DE1B87 /* Debug */,
				B033911A256E008600DE1B87 /* Release */,
			);
			defaultConfigurationIsVisible = 0;
			defaultConfigurationName = Release;
		};
		B033911B256E008600DE1B87 /* Build configuration list for PBXNativeTarget "Quicktranslate" */ = {
			isa = XCConfigurationList;
			buildConfigurations = (
				B033911C256E008600DE1B87 /* Debug */,
				B033911D256E008600DE1B87 /* Release */,
			);
			defaultConfigurationIsVisible = 0;
			defaultConfigurationName = Release;
		};
/* End XCConfigurationList section */
	};
	rootObject = B0339103256E008500DE1B87 /* Project object */;
}
